
Microsoft Visual Studio Solution File, Format Version 12.00
# Visual Studio Version 16
VisualStudioVersion = 16.0.810.10
MinimumVisualStudioVersion = 10.0.40219.1
Project("{FAE04EC0-301F-11D3-BF4B-00C04F79EFBC}") = "WebAppMySQL", "WebAppMySQL\WebAppMySQL.csproj", "{86C9134D-E238-4049-A591-73BC67CB5419}"
EndProject
Global
	GlobalSection(SolutionConfigurationPlatforms) = preSolution
		Debug|Any CPU = Debug|Any CPU
		Release|Any CPU = Release|Any CPU
	EndGlobalSection
	GlobalSection(ProjectConfigurationPlatforms) = postSolution
		{86C9134D-E238-4049-A591-73BC67CB5419}.Debug|Any CPU.ActiveCfg = Debug|Any CPU
		{86C9134D-E238-4049-A591-73BC67CB5419}.Debug|Any CPU.Build.0 = Debug|Any CPU
		{86C9134D-E238-4049-A591-73BC67CB5419}.Release|Any CPU.ActiveCfg = Release|Any CPU
		{86C9134D-E238-4049-A591-73BC67CB5419}.Release|Any CPU.Build.0 = Release|Any CPU
	EndGlobalSection
	GlobalSection(SolutionProperties) = preSolution
		HideSolutionNode = FALSE
	EndGlobalSection
	GlobalSection(ExtensibilityGlobals) = postSolution
		SolutionGuid = {E29976CD-6491-45AC-BD23-DB7D41DED4C3}
	EndGlobalSection
EndGlobal
